
Microsoft Visual Studio Solution File, Format Version 12.00
# Visual Studio 14
VisualStudioVersion = 14.0.23107.0
MinimumVisualStudioVersion = 10.0.40219.1
Project("{FAE04EC0-301F-11D3-BF4B-00C04F79EFBC}") = "DXApplication1", "DXApplication1\DXApplication1.csproj", "{F6142B14-4DE8-4000-AB8C-1AC49D6B66EA}"
EndProject
Project("{FAE04EC0-301F-11D3-BF4B-00C04F79EFBC}") = "UnityIOCConstructorDIDemo", "UnityIOCDemo\UnityIOCConstructorDIDemo.csproj", "{AB95BD16-8DFE-4444-A368-1A818B60A0E4}"
EndProject
Project("{FAE04EC0-301F-11D3-BF4B-00C04F79EFBC}") = "UnityIOCPropertyDIDemo", "UnityIOCPropertyDIDemo\UnityIOCPropertyDIDemo.csproj", "{B343FF86-3A04-4662-ADEB-426285168F6C}"
EndProject
Project("{FAE04EC0-301F-11D3-BF4B-00C04F79EFBC}") = "UnityIOCMethodDIDemo", "UnityIOCMethodDIDemo\UnityIOCMethodDIDemo.csproj", "{4E9BF00F-3657-45CA-92A5-9B6C28274CBD}"
EndProject
Project("{FAE04EC0-301F-11D3-BF4B-00C04F79EFBC}") = "CastleAOPDemo", "CastleAOPDemo\CastleAOPDemo.csproj", "{9929633E-AC3C-46F5-B79A-DE9EFD965453}"
EndProject
Project("{FAE04EC0-301F-11D3-BF4B-00C04F79EFBC}") = "AOPDemo", "AOPDemo\AOPDemo.csproj", "{1F381626-5945-4FDB-854E-F4E1DD6BA141}"
EndProject
Global
	GlobalSection(SolutionConfigurationPlatforms) = preSolution
		Debug|Any CPU = Debug|Any CPU
		Release|Any CPU = Release|Any CPU
	EndGlobalSection
	GlobalSection(ProjectConfigurationPlatforms) = postSolution
		{F6142B14-4DE8-4000-AB8C-1AC49D6B66EA}.Debug|Any CPU.ActiveCfg = Debug|Any CPU
		{F6142B14-4DE8-4000-AB8C-1AC49D6B66EA}.Debug|Any CPU.Build.0 = Debug|Any CPU
		{F6142B14-4DE8-4000-AB8C-1AC49D6B66EA}.Release|Any CPU.ActiveCfg = Release|Any CPU
		{F6142B14-4DE8-4000-AB8C-1AC49D6B66EA}.Release|Any CPU.Build.0 = Release|Any CPU
		{AB95BD16-8DFE-4444-A368-1A818B60A0E4}.Debug|Any CPU.ActiveCfg = Debug|Any CPU
		{AB95BD16-8DFE-4444-A368-1A818B60A0E4}.Debug|Any CPU.Build.0 = Debug|Any CPU
		{AB95BD16-8DFE-4444-A368-1A818B60A0E4}.Release|Any CPU.ActiveCfg = Release|Any CPU
		{AB95BD16-8DFE-4444-A368-1A818B60A0E4}.Release|Any CPU.Build.0 = Release|Any CPU
		{B343FF86-3A04-4662-ADEB-426285168F6C}.Debug|Any CPU.ActiveCfg = Debug|Any CPU
		{B343FF86-3A04-4662-ADEB-426285168F6C}.Debug|Any CPU.Build.0 = Debug|Any CPU
		{B343FF86-3A04-4662-ADEB-426285168F6C}.Release|Any CPU.ActiveCfg = Release|Any CPU
		{B343FF86-3A04-4662-ADEB-426285168F6C}.Release|Any CPU.Build.0 = Release|Any CPU
		{4E9BF00F-3657-45CA-92A5-9B6C28274CBD}.Debug|Any CPU.ActiveCfg = Debug|Any CPU
		{4E9BF00F-3657-45CA-92A5-9B6C28274CBD}.Debug|Any CPU.Build.0 = Debug|Any CPU
		{4E9BF00F-3657-45CA-92A5-9B6C28274CBD}.Release|Any CPU.ActiveCfg = Release|Any CPU
		{4E9BF00F-3657-45CA-92A5-9B6C28274CBD}.Release|Any CPU.Build.0 = Release|Any CPU
		{9929633E-AC3C-46F5-B79A-DE9EFD965453}.Debug|Any CPU.ActiveCfg = Debug|Any CPU
		{9929633E-AC3C-46F5-B79A-DE9EFD965453}.Debug|Any CPU.Build.0 = Debug|Any CPU
		{9929633E-AC3C-46F5-B79A-DE9EFD965453}.Release|Any CPU.ActiveCfg = Release|Any CPU
		{9929633E-AC3C-46F5-B79A-DE9EFD965453}.Release|Any CPU.Build.0 = Release|Any CPU
		{1F381626-5945-4FDB-854E-F4E1DD6BA141}.Debug|Any CPU.ActiveCfg = Debug|Any CPU
		{1F381626-5945-4FDB-854E-F4E1DD6BA141}.Debug|Any CPU.Build.0 = Debug|Any CPU
		{1F381626-5945-4FDB-854E-F4E1DD6BA141}.Release|Any CPU.ActiveCfg = Release|Any CPU
		{1F381626-5945-4FDB-854E-F4E1DD6BA141}.Release|Any CPU.Build.0 = Release|Any CPU
	EndGlobalSection
	GlobalSection(SolutionProperties) = preSolution
		HideSolutionNode = FALSE
	EndGlobalSection
	GlobalSection(ExtensibilityGlobals) = postSolution
		EnterpriseLibraryConfigurationToolBinariesPath = packages\Unity.2.1.505.0\lib\NET35;packages\Unity.Interception.2.1.505.0\lib\NET35;packages\EnterpriseLibrary.Common.5.0.505.0\lib\NET35;packages\EnterpriseLibrary.PolicyInjection.5.0.505.0\lib\NET35;packages\EntLibContrib.PolicyInjection.5.0.505.0\lib\NET35
	EndGlobalSection
EndGlobal
