
Microsoft Visual Studio Solution File, Format Version 12.00
# Visual Studio 14
VisualStudioVersion = 14.0.25420.1
MinimumVisualStudioVersion = 10.0.40219.1
Project("{FAE04EC0-301F-11D3-BF4B-00C04F79EFBC}") = "TiltSensor", "TiltSensor\TiltSensor.csproj", "{DF1EEE36-B41C-4CC5-9F48-C5CE4E0D429F}"
EndProject
Project("{FAE04EC0-301F-11D3-BF4B-00C04F79EFBC}") = "Com.Dave.Common", "Com.Dave.Common\Com.Dave.Common.csproj", "{7F496DDC-A013-478E-A413-BD8B6E38AFD4}"
EndProject
Project("{FAE04EC0-301F-11D3-BF4B-00C04F79EFBC}") = "ConsoleTest", "ConsoleTest\ConsoleTest.csproj", "{126D66D5-B20F-41DA-AE96-BB2AD29D8B51}"
EndProject
Project("{FAE04EC0-301F-11D3-BF4B-00C04F79EFBC}") = "WpfTest", "WpfTest\WpfTest.csproj", "{D2B888CB-ABD6-4164-A1E0-D70021667940}"
EndProject
Project("{FAE04EC0-301F-11D3-BF4B-00C04F79EFBC}") = "Com.Dave.CommonTests", "Com.Dave.CommonTests\Com.Dave.CommonTests.csproj", "{B91F9EF6-8F76-4259-B076-57257FD38B88}"
EndProject
Project("{FAE04EC0-301F-11D3-BF4B-00C04F79EFBC}") = "Com.Dave.DAL", "Com.Dave.DAL\Com.Dave.DAL.csproj", "{C128CA4A-3C9C-40D0-99BA-A480B4DC7E6B}"
EndProject
Global
	GlobalSection(SolutionConfigurationPlatforms) = preSolution
		Debug|Any CPU = Debug|Any CPU
		Release|Any CPU = Release|Any CPU
	EndGlobalSection
	GlobalSection(ProjectConfigurationPlatforms) = postSolution
		{DF1EEE36-B41C-4CC5-9F48-C5CE4E0D429F}.Debug|Any CPU.ActiveCfg = Debug|Any CPU
		{DF1EEE36-B41C-4CC5-9F48-C5CE4E0D429F}.Debug|Any CPU.Build.0 = Debug|Any CPU
		{DF1EEE36-B41C-4CC5-9F48-C5CE4E0D429F}.Release|Any CPU.ActiveCfg = Release|Any CPU
		{DF1EEE36-B41C-4CC5-9F48-C5CE4E0D429F}.Release|Any CPU.Build.0 = Release|Any CPU
		{7F496DDC-A013-478E-A413-BD8B6E38AFD4}.Debug|Any CPU.ActiveCfg = Debug|Any CPU
		{7F496DDC-A013-478E-A413-BD8B6E38AFD4}.Debug|Any CPU.Build.0 = Debug|Any CPU
		{7F496DDC-A013-478E-A413-BD8B6E38AFD4}.Release|Any CPU.ActiveCfg = Release|Any CPU
		{7F496DDC-A013-478E-A413-BD8B6E38AFD4}.Release|Any CPU.Build.0 = Release|Any CPU
		{126D66D5-B20F-41DA-AE96-BB2AD29D8B51}.Debug|Any CPU.ActiveCfg = Debug|Any CPU
		{126D66D5-B20F-41DA-AE96-BB2AD29D8B51}.Debug|Any CPU.Build.0 = Debug|Any CPU
		{126D66D5-B20F-41DA-AE96-BB2AD29D8B51}.Release|Any CPU.ActiveCfg = Release|Any CPU
		{126D66D5-B20F-41DA-AE96-BB2AD29D8B51}.Release|Any CPU.Build.0 = Release|Any CPU
		{D2B888CB-ABD6-4164-A1E0-D70021667940}.Debug|Any CPU.ActiveCfg = Debug|Any CPU
		{D2B888CB-ABD6-4164-A1E0-D70021667940}.Debug|Any CPU.Build.0 = Debug|Any CPU
		{D2B888CB-ABD6-4164-A1E0-D70021667940}.Release|Any CPU.ActiveCfg = Release|Any CPU
		{D2B888CB-ABD6-4164-A1E0-D70021667940}.Release|Any CPU.Build.0 = Release|Any CPU
		{B91F9EF6-8F76-4259-B076-57257FD38B88}.Debug|Any CPU.ActiveCfg = Debug|Any CPU
		{B91F9EF6-8F76-4259-B076-57257FD38B88}.Debug|Any CPU.Build.0 = Debug|Any CPU
		{B91F9EF6-8F76-4259-B076-57257FD38B88}.Release|Any CPU.ActiveCfg = Release|Any CPU
		{B91F9EF6-8F76-4259-B076-57257FD38B88}.Release|Any CPU.Build.0 = Release|Any CPU
		{C128CA4A-3C9C-40D0-99BA-A480B4DC7E6B}.Debug|Any CPU.ActiveCfg = Debug|Any CPU
		{C128CA4A-3C9C-40D0-99BA-A480B4DC7E6B}.Debug|Any CPU.Build.0 = Debug|Any CPU
		{C128CA4A-3C9C-40D0-99BA-A480B4DC7E6B}.Release|Any CPU.ActiveCfg = Release|Any CPU
		{C128CA4A-3C9C-40D0-99BA-A480B4DC7E6B}.Release|Any CPU.Build.0 = Release|Any CPU
	EndGlobalSection
	GlobalSection(SolutionProperties) = preSolution
		HideSolutionNode = FALSE
	EndGlobalSection
EndGlobal
